
Microsoft Visual Studio Solution File, Format Version 12.00
# Visual Studio 15
VisualStudioVersion = 15.0.27703.2035
MinimumVisualStudioVersion = 10.0.40219.1
Project("{FAE04EC0-301F-11D3-BF4B-00C04F79EFBC}") = "linqPracticeProblems", "linqPracticeProblems\linqPracticeProblems.csproj", "{3358B64E-8A07-403E-B860-6D2CE5249B2F}"
EndProject
Global
	GlobalSection(SolutionConfigurationPlatforms) = preSolution
		Debug|Any CPU = Debug|Any CPU
		Release|Any CPU = Release|Any CPU
	EndGlobalSection
	GlobalSection(ProjectConfigurationPlatforms) = postSolution
		{3358B64E-8A07-403E-B860-6D2CE5249B2F}.Debug|Any CPU.ActiveCfg = Debug|Any CPU
		{3358B64E-8A07-403E-B860-6D2CE5249B2F}.Debug|Any CPU.Build.0 = Debug|Any CPU
		{3358B64E-8A07-403E-B860-6D2CE5249B2F}.Release|Any CPU.ActiveCfg = Release|Any CPU
		{3358B64E-8A07-403E-B860-6D2CE5249B2F}.Release|Any CPU.Build.0 = Release|Any CPU
	EndGlobalSection
	GlobalSection(SolutionProperties) = preSolution
		HideSolutionNode = FALSE
	EndGlobalSection
	GlobalSection(ExtensibilityGlobals) = postSolution
		SolutionGuid = {56C9E811-68B3-481E-9D18-24D7F65E5087}
	EndGlobalSection
EndGlobal
